
Microsoft Visual Studio Solution File, Format Version 12.00
# Visual Studio Version 16
VisualStudioVersion = 16.0.31727.386
MinimumVisualStudioVersion = 10.0.40219.1
Project("{9A19103F-16F7-4668-BE54-9A1E7A4F7556}") = "Degishop", "Degishop\Degishop.csproj", "{846A7B72-7A11-49D0-82A0-7732A88A0204}"
EndProject
Project("{FAE04EC0-301F-11D3-BF4B-00C04F79EFBC}") = "unit_test", "unit_test\unit_test.csproj", "{A3C34E34-4711-4931-BEB5-D5B0011BFFF7}"
EndProject
Global
	GlobalSection(SolutionConfigurationPlatforms) = preSolution
		Debug|Any CPU = Debug|Any CPU
		Release|Any CPU = Release|Any CPU
	EndGlobalSection
	GlobalSection(ProjectConfigurationPlatforms) = postSolution
		{846A7B72-7A11-49D0-82A0-7732A88A0204}.Debug|Any CPU.ActiveCfg = Debug|Any CPU
		{846A7B72-7A11-49D0-82A0-7732A88A0204}.Debug|Any CPU.Build.0 = Debug|Any CPU
		{846A7B72-7A11-49D0-82A0-7732A88A0204}.Release|Any CPU.ActiveCfg = Release|Any CPU
		{846A7B72-7A11-49D0-82A0-7732A88A0204}.Release|Any CPU.Build.0 = Release|Any CPU
		{A3C34E34-4711-4931-BEB5-D5B0011BFFF7}.Debug|Any CPU.ActiveCfg = Debug|Any CPU
		{A3C34E34-4711-4931-BEB5-D5B0011BFFF7}.Debug|Any CPU.Build.0 = Debug|Any CPU
		{A3C34E34-4711-4931-BEB5-D5B0011BFFF7}.Release|Any CPU.ActiveCfg = Release|Any CPU
		{A3C34E34-4711-4931-BEB5-D5B0011BFFF7}.Release|Any CPU.Build.0 = Release|Any CPU
	EndGlobalSection
	GlobalSection(SolutionProperties) = preSolution
		HideSolutionNode = FALSE
	EndGlobalSection
	GlobalSection(ExtensibilityGlobals) = postSolution
		SolutionGuid = {F0814310-8701-448F-8A34-B5B416637177}
	EndGlobalSection
EndGlobal
